version = 1
revision = 3
requires-python = ">=3.9"

[[package]]
name = "evdev"
version = "1.9.2"
source = { registry = "https://pypi.org/simple" }
sdist = { url = "https://files.pythonhosted.org/packages/63/fe/a17c106a1f4061ce83f04d14bcedcfb2c38c7793ea56bfb906a6fadae8cb/evdev-1.9.2.tar.gz", hash = "sha256:5d3278892ce1f92a74d6bf888cc8525d9f68af85dbe336c95d1c87fb8f423069", size = 33301, upload-time = "2025-05-01T19:53:47.69Z" }

[[package]]
name = "numlockw"
version = "0.1.5"
source = { editable = "." }
dependencies = [
    { name = "evdev" },
]

[package.metadata]
requires-dist = [{ name = "evdev", specifier = "==1.9.2" }]
